
Microsoft Visual Studio Solution File, Format Version 12.00
# Visual Studio Version 16
VisualStudioVersion = 16.0.28803.452
MinimumVisualStudioVersion = 10.0.40219.1
Project("{8BC9CEB8-8B4A-11D0-8D11-00A0C91BC942}") = "timu5", "timu5\timu5.vcxproj", "{45969E77-CEBC-4C52-BEB2-1ECCEA5404AC}"
EndProject
Global
	GlobalSection(SolutionConfigurationPlatforms) = preSolution
		Debug|x64 = Debug|x64
		Debug|x86 = Debug|x86
		Release|x64 = Release|x64
		Release|x86 = Release|x86
	EndGlobalSection
	GlobalSection(ProjectConfigurationPlatforms) = postSolution
		{45969E77-CEBC-4C52-BEB2-1ECCEA5404AC}.Debug|x64.ActiveCfg = Debug|x64
		{45969E77-CEBC-4C52-BEB2-1ECCEA5404AC}.Debug|x64.Build.0 = Debug|x64
		{45969E77-CEBC-4C52-BEB2-1ECCEA5404AC}.Debug|x86.ActiveCfg = Debug|Win32
		{45969E77-CEBC-4C52-BEB2-1ECCEA5404AC}.Debug|x86.Build.0 = Debug|Win32
		{45969E77-CEBC-4C52-BEB2-1ECCEA5404AC}.Release|x64.ActiveCfg = Release|x64
		{45969E77-CEBC-4C52-BEB2-1ECCEA5404AC}.Release|x64.Build.0 = Release|x64
		{45969E77-CEBC-4C52-BEB2-1ECCEA5404AC}.Release|x86.ActiveCfg = Release|Win32
		{45969E77-CEBC-4C52-BEB2-1ECCEA5404AC}.Release|x86.Build.0 = Release|Win32
	EndGlobalSection
	GlobalSection(SolutionProperties) = preSolution
		HideSolutionNode = FALSE
	EndGlobalSection
	GlobalSection(ExtensibilityGlobals) = postSolution
		SolutionGuid = {40FC9CFB-76E9-4995-A6A4-8BFD10D5A2C6}
	EndGlobalSection
EndGlobal
